
Microsoft Visual Studio Solution File, Format Version 12.00
# Visual Studio Version 17
VisualStudioVersion = 17.7.34018.315
MinimumVisualStudioVersion = 10.0.40219.1
Project("{9A19103F-16F7-4668-BE54-9A1E7A4F7556}") = "Market.Shared", "Market.Shared\Market.Shared.csproj", "{F209B443-7E3F-4BE5-AF6D-67EF6AE2FA7A}"
EndProject
Project("{9A19103F-16F7-4668-BE54-9A1E7A4F7556}") = "Market.API", "Market.API\Market.API.csproj", "{9BF393C9-F837-497C-A0E7-6ED846116F07}"
EndProject
Project("{FAE04EC0-301F-11D3-BF4B-00C04F79EFBC}") = "Market.WEB", "Market.WEB\Market.WEB.csproj", "{3ED6FAB1-7FDC-4801-8E15-9ED85A19B8BB}"
EndProject
Global
	GlobalSection(SolutionConfigurationPlatforms) = preSolution
		Debug|Any CPU = Debug|Any CPU
		Release|Any CPU = Release|Any CPU
	EndGlobalSection
	GlobalSection(ProjectConfigurationPlatforms) = postSolution
		{F209B443-7E3F-4BE5-AF6D-67EF6AE2FA7A}.Debug|Any CPU.ActiveCfg = Debug|Any CPU
		{F209B443-7E3F-4BE5-AF6D-67EF6AE2FA7A}.Debug|Any CPU.Build.0 = Debug|Any CPU
		{F209B443-7E3F-4BE5-AF6D-67EF6AE2FA7A}.Release|Any CPU.ActiveCfg = Release|Any CPU
		{F209B443-7E3F-4BE5-AF6D-67EF6AE2FA7A}.Release|Any CPU.Build.0 = Release|Any CPU
		{9BF393C9-F837-497C-A0E7-6ED846116F07}.Debug|Any CPU.ActiveCfg = Debug|Any CPU
		{9BF393C9-F837-497C-A0E7-6ED846116F07}.Debug|Any CPU.Build.0 = Debug|Any CPU
		{9BF393C9-F837-497C-A0E7-6ED846116F07}.Release|Any CPU.ActiveCfg = Release|Any CPU
		{9BF393C9-F837-497C-A0E7-6ED846116F07}.Release|Any CPU.Build.0 = Release|Any CPU
		{3ED6FAB1-7FDC-4801-8E15-9ED85A19B8BB}.Debug|Any CPU.ActiveCfg = Debug|Any CPU
		{3ED6FAB1-7FDC-4801-8E15-9ED85A19B8BB}.Debug|Any CPU.Build.0 = Debug|Any CPU
		{3ED6FAB1-7FDC-4801-8E15-9ED85A19B8BB}.Release|Any CPU.ActiveCfg = Release|Any CPU
		{3ED6FAB1-7FDC-4801-8E15-9ED85A19B8BB}.Release|Any CPU.Build.0 = Release|Any CPU
	EndGlobalSection
	GlobalSection(SolutionProperties) = preSolution
		HideSolutionNode = FALSE
	EndGlobalSection
	GlobalSection(ExtensibilityGlobals) = postSolution
		SolutionGuid = {79329AFF-3290-41C1-A012-4D0EBFE6FF72}
	EndGlobalSection
EndGlobal
